// !$*UTF8*$!
{
	archiveVersion = 1;
	classes = {
	};
	objectVersion = 56;
	objects = {

/* Begin PBXBuildFile section */
		8C7980B72B4DBBDD007A3CC7 /* LanguageModel.swift in Sources */ = {isa = PBXBuildFile; fileRef = 8C7980B62B4DBBDD007A3CC7 /* LanguageModel.swift */; };
		8CB58C9A2B46BAD000966DD7 /* MovieLibraryApp.swift in Sources */ = {isa = PBXBuildFile; fileRef = 8CB58C992B46BAD000966DD7 /* MovieLibraryApp.swift */; };
		8CB58C9C2B46BAD000966DD7 /* ContentView.swift in Sources */ = {isa = PBXBuildFile; fileRef = 8CB58C9B2B46BAD000966DD7 /* ContentView.swift */; };
		8CB58C9E2B46BAD200966DD7 /* Assets.xcassets in Resources */ = {isa = PBXBuildFile; fileRef = 8CB58C9D2B46BAD200966DD7 /* Assets.xcassets */; };
		8CB58CA12B46BAD200966DD7 /* Preview Assets.xcassets in Resources */ = {isa = PBXBuildFile; fileRef = 8CB58CA02B46BAD200966DD7 /* Preview Assets.xcassets */; };
		8CB58CAD2B46BF6A00966DD7 /* LoginScreen.swift in Sources */ = {isa = PBXBuildFile; fileRef = 8CB58CAC2B46BF6A00966DD7 /* LoginScreen.swift */; };
		8CB58CAF2B46BF7900966DD7 /* RegistrationScreen.swift in Sources */ = {isa = PBXBuildFile; fileRef = 8CB58CAE2B46BF7900966DD7 /* RegistrationScreen.swift */; };
		8CB58CB12B46BFB000966DD7 /* LanguageListScreen.swift in Sources */ = {isa = PBXBuildFile; fileRef = 8CB58CB02B46BFB000966DD7 /* LanguageListScreen.swift */; };
		8CB58CB62B46E19400966DD7 /* LoginResponseDTO.swift in Sources */ = {isa = PBXBuildFile; fileRef = 8CB58CB52B46E19400966DD7 /* LoginResponseDTO.swift */; };
		8CB58CB92B46E1C500966DD7 /* RegisterResponseDTO.swift in Sources */ = {isa = PBXBuildFile; fileRef = 8CB58CB82B46E1C500966DD7 /* RegisterResponseDTO.swift */; };
		8CB58CBB2B46E24C00966DD7 /* HttpClient.swift in Sources */ = {isa = PBXBuildFile; fileRef = 8CB58CBA2B46E24C00966DD7 /* HttpClient.swift */; };
		8CB58CBD2B47097B00966DD7 /* HttpMethod.swift in Sources */ = {isa = PBXBuildFile; fileRef = 8CB58CBC2B47097B00966DD7 /* HttpMethod.swift */; };
		8CB58CBF2B47099600966DD7 /* Resource.swift in Sources */ = {isa = PBXBuildFile; fileRef = 8CB58CBE2B47099600966DD7 /* Resource.swift */; };
		8CB58CC12B4709C100966DD7 /* NetworkError.swift in Sources */ = {isa = PBXBuildFile; fileRef = 8CB58CC02B4709C100966DD7 /* NetworkError.swift */; };
		8CB58CC32B47260600966DD7 /* MovieLibraryModel.swift in Sources */ = {isa = PBXBuildFile; fileRef = 8CB58CC22B47260600966DD7 /* MovieLibraryModel.swift */; };
		8CB58CC52B4726CF00966DD7 /* Constants.swift in Sources */ = {isa = PBXBuildFile; fileRef = 8CB58CC42B4726CF00966DD7 /* Constants.swift */; };
		8CF787642B4B1F450092BBC8 /* UserStateViewModel.swift in Sources */ = {isa = PBXBuildFile; fileRef = 8CF787632B4B1F450092BBC8 /* UserStateViewModel.swift */; };
/* End PBXBuildFile section */

/* Begin PBXFileReference section */
		8C7980B62B4DBBDD007A3CC7 /* LanguageModel.swift */ = {isa = PBXFileReference; lastKnownFileType = sourcecode.swift; path = LanguageModel.swift; sourceTree = "<group>"; };
		8CB58C962B46BAD000966DD7 /* MovieLibrary.app */ = {isa = PBXFileReference; explicitFileType = wrapper.application; includeInIndex = 0; path = MovieLibrary.app; sourceTree = BUILT_PRODUCTS_DIR; };
		8CB58C992B46BAD000966DD7 /* MovieLibraryApp.swift */ = {isa = PBXFileReference; lastKnownFileType = sourcecode.swift; path = MovieLibraryApp.swift; sourceTree = "<group>"; };
		8CB58C9B2B46BAD000966DD7 /* ContentView.swift */ = {isa = PBXFileReference; lastKnownFileType = sourcecode.swift; path = ContentView.swift; sourceTree = "<group>"; };
		8CB58C9D2B46BAD200966DD7 /* Assets.xcassets */ = {isa = PBXFileReference; lastKnownFileType = folder.assetcatalog; path = Assets.xcassets; sourceTree = "<group>"; };
		8CB58CA02B46BAD200966DD7 /* Preview Assets.xcassets */ = {isa = PBXFileReference; lastKnownFileType = folder.assetcatalog; path = "Preview Assets.xcassets"; sourceTree = "<group>"; };
		8CB58CAC2B46BF6A00966DD7 /* LoginScreen.swift */ = {isa = PBXFileReference; lastKnownFileType = sourcecode.swift; path = LoginScreen.swift; sourceTree = "<group>"; };
		8CB58CAE2B46BF7900966DD7 /* RegistrationScreen.swift */ = {isa = PBXFileReference; lastKnownFileType = sourcecode.swift; path = RegistrationScreen.swift; sourceTree = "<group>"; };
		8CB58CB02B46BFB000966DD7 /* LanguageListScreen.swift */ = {isa = PBXFileReference; lastKnownFileType = sourcecode.swift; path = LanguageListScreen.swift; sourceTree = "<group>"; };
		8CB58CB52B46E19400966DD7 /* LoginResponseDTO.swift */ = {isa = PBXFileReference; lastKnownFileType = sourcecode.swift; path = LoginResponseDTO.swift; sourceTree = "<group>"; };
		8CB58CB82B46E1C500966DD7 /* RegisterResponseDTO.swift */ = {isa = PBXFileReference; lastKnownFileType = sourcecode.swift; path = RegisterResponseDTO.swift; sourceTree = "<group>"; };
		8CB58CBA2B46E24C00966DD7 /* HttpClient.swift */ = {isa = PBXFileReference; lastKnownFileType = sourcecode.swift; path = HttpClient.swift; sourceTree = "<group>"; };
		8CB58CBC2B47097B00966DD7 /* HttpMethod.swift */ = {isa = PBXFileReference; lastKnownFileType = sourcecode.swift; path = HttpMethod.swift; sourceTree = "<group>"; };
		8CB58CBE2B47099600966DD7 /* Resource.swift */ = {isa = PBXFileReference; lastKnownFileType = sourcecode.swift; path = Resource.swift; sourceTree = "<group>"; };
		8CB58CC02B4709C100966DD7 /* NetworkError.swift */ = {isa = PBXFileReference; lastKnownFileType = sourcecode.swift; path = NetworkError.swift; sourceTree = "<group>"; };
		8CB58CC22B47260600966DD7 /* MovieLibraryModel.swift */ = {isa = PBXFileReference; lastKnownFileType = sourcecode.swift; path = MovieLibraryModel.swift; sourceTree = "<group>"; };
		8CB58CC42B4726CF00966DD7 /* Constants.swift */ = {isa = PBXFileReference; lastKnownFileType = sourcecode.swift; path = Constants.swift; sourceTree = "<group>"; };
		8CF787632B4B1F450092BBC8 /* UserStateViewModel.swift */ = {isa = PBXFileReference; lastKnownFileType = sourcecode.swift; path = UserStateViewModel.swift; sourceTree = "<group>"; };
/* End PBXFileReference section */

/* Begin PBXFrameworksBuildPhase section */
		8CB58C932B46BAD000966DD7 /* Frameworks */ = {
			isa = PBXFrameworksBuildPhase;
			buildActionMask = 2147483647;
			files = (
			);
			runOnlyForDeploymentPostprocessing = 0;
		};
/* End PBXFrameworksBuildPhase section */

/* Begin PBXGroup section */
		8CB58C8D2B46BAD000966DD7 = {
			isa = PBXGroup;
			children = (
				8CB58C982B46BAD000966DD7 /* MovieLibrary */,
				8CB58C972B46BAD000966DD7 /* Products */,
			);
			sourceTree = "<group>";
		};
		8CB58C972B46BAD000966DD7 /* Products */ = {
			isa = PBXGroup;
			children = (
				8CB58C962B46BAD000966DD7 /* MovieLibrary.app */,
			);
			name = Products;
			sourceTree = "<group>";
		};
		8CB58C982B46BAD000966DD7 /* MovieLibrary */ = {
			isa = PBXGroup;
			children = (
				8CF787622B4B1F250092BBC8 /* ViewModel */,
				8CB58CB22B46E10900966DD7 /* Models */,
				8CB58CAB2B46BF5200966DD7 /* Clients */,
				8CB58CAA2B46BDDE00966DD7 /* Screens */,
				8CB58CA92B46BDD400966DD7 /* Extensions */,
				8CB58CA82B46BDCB00966DD7 /* Utils */,
				8CB58CA72B46BDC000966DD7 /* Views */,
				8CB58C992B46BAD000966DD7 /* MovieLibraryApp.swift */,
				8CB58C9B2B46BAD000966DD7 /* ContentView.swift */,
				8CB58C9D2B46BAD200966DD7 /* Assets.xcassets */,
				8CB58C9F2B46BAD200966DD7 /* Preview Content */,
			);
			path = MovieLibrary;
			sourceTree = "<group>";
		};
		8CB58C9F2B46BAD200966DD7 /* Preview Content */ = {
			isa = PBXGroup;
			children = (
				8CB58CA02B46BAD200966DD7 /* Preview Assets.xcassets */,
			);
			path = "Preview Content";
			sourceTree = "<group>";
		};
		8CB58CA72B46BDC000966DD7 /* Views */ = {
			isa = PBXGroup;
			children = (
			);
			path = Views;
			sourceTree = "<group>";
		};
		8CB58CA82B46BDCB00966DD7 /* Utils */ = {
			isa = PBXGroup;
			children = (
				8CB58CC42B4726CF00966DD7 /* Constants.swift */,
			);
			path = Utils;
			sourceTree = "<group>";
		};
		8CB58CA92B46BDD400966DD7 /* Extensions */ = {
			isa = PBXGroup;
			children = (
			);
			path = Extensions;
			sourceTree = "<group>";
		};
		8CB58CAA2B46BDDE00966DD7 /* Screens */ = {
			isa = PBXGroup;
			children = (
				8CB58CAC2B46BF6A00966DD7 /* LoginScreen.swift */,
				8CB58CAE2B46BF7900966DD7 /* RegistrationScreen.swift */,
				8CB58CB02B46BFB000966DD7 /* LanguageListScreen.swift */,
			);
			path = Screens;
			sourceTree = "<group>";
		};
		8CB58CAB2B46BF5200966DD7 /* Clients */ = {
			isa = PBXGroup;
			children = (
				8CB58CBA2B46E24C00966DD7 /* HttpClient.swift */,
				8CB58CBC2B47097B00966DD7 /* HttpMethod.swift */,
				8CB58CBE2B47099600966DD7 /* Resource.swift */,
				8CB58CC02B4709C100966DD7 /* NetworkError.swift */,
			);
			path = Clients;
			sourceTree = "<group>";
		};
		8CB58CB22B46E10900966DD7 /* Models */ = {
			isa = PBXGroup;
			children = (
				8CB58CB52B46E19400966DD7 /* LoginResponseDTO.swift */,
				8CB58CB82B46E1C500966DD7 /* RegisterResponseDTO.swift */,
				8CB58CC22B47260600966DD7 /* MovieLibraryModel.swift */,
				8C7980B62B4DBBDD007A3CC7 /* LanguageModel.swift */,
			);
			path = Models;
			sourceTree = "<group>";
		};
		8CF787622B4B1F250092BBC8 /* ViewModel */ = {
			isa = PBXGroup;
			children = (
				8CF787632B4B1F450092BBC8 /* UserStateViewModel.swift */,
			);
			path = ViewModel;
			sourceTree = "<group>";
		};
/* End PBXGroup section */

/* Begin PBXNativeTarget section */
		8CB58C952B46BAD000966DD7 /* MovieLibrary */ = {
			isa = PBXNativeTarget;
			buildConfigurationList = 8CB58CA42B46BAD200966DD7 /* Build configuration list for PBXNativeTarget "MovieLibrary" */;
			buildPhases = (
				8CB58C922B46BAD000966DD7 /* Sources */,
				8CB58C932B46BAD000966DD7 /* Frameworks */,
				8CB58C942B46BAD000966DD7 /* Resources */,
			);
			buildRules = (
			);
			dependencies = (
			);
			name = MovieLibrary;
			productName = MovieLibrary;
			productReference = 8CB58C962B46BAD000966DD7 /* MovieLibrary.app */;
			productType = "com.apple.product-type.application";
		};
/* End PBXNativeTarget section */

/* Begin PBXProject section */
		8CB58C8E2B46BAD000966DD7 /* Project object */ = {
			isa = PBXProject;
			attributes = {
				BuildIndependentTargetsInParallel = 1;
				LastSwiftUpdateCheck = 1510;
				LastUpgradeCheck = 1510;
				TargetAttributes = {
					8CB58C952B46BAD000966DD7 = {
						CreatedOnToolsVersion = 15.1;
					};
				};
			};
			buildConfigurationList = 8CB58C912B46BAD000966DD7 /* Build configuration list for PBXProject "MovieLibrary" */;
			compatibilityVersion = "Xcode 14.0";
			developmentRegion = en;
			hasScannedForEncodings = 0;
			knownRegions = (
				en,
				Base,
			);
			mainGroup = 8CB58C8D2B46BAD000966DD7;
			productRefGroup = 8CB58C972B46BAD000966DD7 /* Products */;
			projectDirPath = "";
			projectRoot = "";
			targets = (
				8CB58C952B46BAD000966DD7 /* MovieLibrary */,
			);
		};
/* End PBXProject section */

/* Begin PBXResourcesBuildPhase section */
		8CB58C942B46BAD000966DD7 /* Resources */ = {
			isa = PBXResourcesBuildPhase;
			buildActionMask = 2147483647;
			files = (
				8CB58CA12B46BAD200966DD7 /* Preview Assets.xcassets in Resources */,
				8CB58C9E2B46BAD200966DD7 /* Assets.xcassets in Resources */,
			);
			runOnlyForDeploymentPostprocessing = 0;
		};
/* End PBXResourcesBuildPhase section */

/* Begin PBXSourcesBuildPhase section */
		8CB58C922B46BAD000966DD7 /* Sources */ = {
			isa = PBXSourcesBuildPhase;
			buildActionMask = 2147483647;
			files = (
				8CB58CC32B47260600966DD7 /* MovieLibraryModel.swift in Sources */,
				8CF787642B4B1F450092BBC8 /* UserStateViewModel.swift in Sources */,
				8CB58CAD2B46BF6A00966DD7 /* LoginScreen.swift in Sources */,
				8CB58CB12B46BFB000966DD7 /* LanguageListScreen.swift in Sources */,
				8C7980B72B4DBBDD007A3CC7 /* LanguageModel.swift in Sources */,
				8CB58CBB2B46E24C00966DD7 /* HttpClient.swift in Sources */,
				8CB58CBF2B47099600966DD7 /* Resource.swift in Sources */,
				8CB58CB62B46E19400966DD7 /* LoginResponseDTO.swift in Sources */,
				8CB58CBD2B47097B00966DD7 /* HttpMethod.swift in Sources */,
				8CB58CC52B4726CF00966DD7 /* Constants.swift in Sources */,
				8CB58C9C2B46BAD000966DD7 /* ContentView.swift in Sources */,
				8CB58C9A2B46BAD000966DD7 /* MovieLibraryApp.swift in Sources */,
				8CB58CAF2B46BF7900966DD7 /* RegistrationScreen.swift in Sources */,
				8CB58CC12B4709C100966DD7 /* NetworkError.swift in Sources */,
				8CB58CB92B46E1C500966DD7 /* RegisterResponseDTO.swift in Sources */,
			);
			runOnlyForDeploymentPostprocessing = 0;
		};
/* End PBXSourcesBuildPhase section */

/* Begin XCBuildConfiguration section */
		8CB58CA22B46BAD200966DD7 /* Debug */ = {
			isa = XCBuildConfiguration;
			buildSettings = {
				ALWAYS_SEARCH_USER_PATHS = NO;
				ASSETCATALOG_COMPILER_GENERATE_SWIFT_ASSET_SYMBOL_EXTENSIONS = YES;
				CLANG_ANALYZER_NONNULL = YES;
				CLANG_ANALYZER_NUMBER_OBJECT_CONVERSION = YES_AGGRESSIVE;
				CLANG_CXX_LANGUAGE_STANDARD = "gnu++20";
				CLANG_ENABLE_MODULES = YES;
				CLANG_ENABLE_OBJC_ARC = YES;
				CLANG_ENABLE_OBJC_WEAK = YES;
				CLANG_WARN_BLOCK_CAPTURE_AUTORELEASING = YES;
				CLANG_WARN_BOOL_CONVERSION = YES;
				CLANG_WARN_COMMA = YES;
				CLANG_WARN_CONSTANT_CONVERSION = YES;
				CLANG_WARN_DEPRECATED_OBJC_IMPLEMENTATIONS = YES;
				CLANG_WARN_DIRECT_OBJC_ISA_USAGE = YES_ERROR;
				CLANG_WARN_DOCUMENTATION_COMMENTS = YES;
				CLANG_WARN_EMPTY_BODY = YES;
				CLANG_WARN_ENUM_CONVERSION = YES;
				CLANG_WARN_INFINITE_RECURSION = YES;
				CLANG_WARN_INT_CONVERSION = YES;
				CLANG_WARN_NON_LITERAL_NULL_CONVERSION = YES;
				CLANG_WARN_OBJC_IMPLICIT_RETAIN_SELF = YES;
				CLANG_WARN_OBJC_LITERAL_CONVERSION = YES;
				CLANG_WARN_OBJC_ROOT_CLASS = YES_ERROR;
				CLANG_WARN_QUOTED_INCLUDE_IN_FRAMEWORK_HEADER = YES;
				CLANG_WARN_RANGE_LOOP_ANALYSIS = YES;
				CLANG_WARN_STRICT_PROTOTYPES = YES;
				CLANG_WARN_SUSPICIOUS_MOVE = YES;
				CLANG_WARN_UNGUARDED_AVAILABILITY = YES_AGGRESSIVE;
				CLANG_WARN_UNREACHABLE_CODE = YES;
				CLANG_WARN__DUPLICATE_METHOD_MATCH = YES;
				COPY_PHASE_STRIP = NO;
				DEBUG_INFORMATION_FORMAT = dwarf;
				ENABLE_STRICT_OBJC_MSGSEND = YES;
				ENABLE_TESTABILITY = YES;
				ENABLE_USER_SCRIPT_SANDBOXING = YES;
				GCC_C_LANGUAGE_STANDARD = gnu17;
				GCC_DYNAMIC_NO_PIC = NO;
				GCC_NO_COMMON_BLOCKS = YES;
				GCC_OPTIMIZATION_LEVEL = 0;
				GCC_PREPROCESSOR_DEFINITIONS = (
					"DEBUG=1",
					"$(inherited)",
				);
				GCC_WARN_64_TO_32_BIT_CONVERSION = YES;
				GCC_WARN_ABOUT_RETURN_TYPE = YES_ERROR;
				GCC_WARN_UNDECLARED_SELECTOR = YES;
				GCC_WARN_UNINITIALIZED_AUTOS = YES_AGGRESSIVE;
				GCC_WARN_UNUSED_FUNCTION = YES;
				GCC_WARN_UNUSED_VARIABLE = YES;
				IPHONEOS_DEPLOYMENT_TARGET = 17.2;
				LOCALIZATION_PREFERS_STRING_CATALOGS = YES;
				MTL_ENABLE_DEBUG_INFO = INCLUDE_SOURCE;
				MTL_FAST_MATH = YES;
				ONLY_ACTIVE_ARCH = YES;
				SDKROOT = iphoneos;
				SWIFT_ACTIVE_COMPILATION_CONDITIONS = "DEBUG $(inherited)";
				SWIFT_OPTIMIZATION_LEVEL = "-Onone";
			};
			name = Debug;
		};
		8CB58CA32B46BAD200966DD7 /* Release */ = {
			isa = XCBuildConfiguration;
			buildSettings = {
				ALWAYS_SEARCH_USER_PATHS = NO;
				ASSETCATALOG_COMPILER_GENERATE_SWIFT_ASSET_SYMBOL_EXTENSIONS = YES;
				CLANG_ANALYZER_NONNULL = YES;
				CLANG_ANALYZER_NUMBER_OBJECT_CONVERSION = YES_AGGRESSIVE;
				CLANG_CXX_LANGUAGE_STANDARD = "gnu++20";
				CLANG_ENABLE_MODULES = YES;
				CLANG_ENABLE_OBJC_ARC = YES;
				CLANG_ENABLE_OBJC_WEAK = YES;
				CLANG_WARN_BLOCK_CAPTURE_AUTORELEASING = YES;
				CLANG_WARN_BOOL_CONVERSION = YES;
				CLANG_WARN_COMMA = YES;
				CLANG_WARN_CONSTANT_CONVERSION = YES;
				CLANG_WARN_DEPRECATED_OBJC_IMPLEMENTATIONS = YES;
				CLANG_WARN_DIRECT_OBJC_ISA_USAGE = YES_ERROR;
				CLANG_WARN_DOCUMENTATION_COMMENTS = YES;
				CLANG_WARN_EMPTY_BODY = YES;
				CLANG_WARN_ENUM_CONVERSION = YES;
				CLANG_WARN_INFINITE_RECURSION = YES;
				CLANG_WARN_INT_CONVERSION = YES;
				CLANG_WARN_NON_LITERAL_NULL_CONVERSION = YES;
				CLANG_WARN_OBJC_IMPLICIT_RETAIN_SELF = YES;
				CLANG_WARN_OBJC_LITERAL_CONVERSION = YES;
				CLANG_WARN_OBJC_ROOT_CLASS = YES_ERROR;
				CLANG_WARN_QUOTED_INCLUDE_IN_FRAMEWORK_HEADER = YES;
				CLANG_WARN_RANGE_LOOP_ANALYSIS = YES;
				CLANG_WARN_STRICT_PROTOTYPES = YES;
				CLANG_WARN_SUSPICIOUS_MOVE = YES;
				CLANG_WARN_UNGUARDED_AVAILABILITY = YES_AGGRESSIVE;
				CLANG_WARN_UNREACHABLE_CODE = YES;
				CLANG_WARN__DUPLICATE_METHOD_MATCH = YES;
				COPY_PHASE_STRIP = NO;
				DEBUG_INFORMATION_FORMAT = "dwarf-with-dsym";
				ENABLE_NS_ASSERTIONS = NO;
				ENABLE_STRICT_OBJC_MSGSEND = YES;
				ENABLE_USER_SCRIPT_SANDBOXING = YES;
				GCC_C_LANGUAGE_STANDARD = gnu17;
				GCC_NO_COMMON_BLOCKS = YES;
				GCC_WARN_64_TO_32_BIT_CONVERSION = YES;
				GCC_WARN_ABOUT_RETURN_TYPE = YES_ERROR;
				GCC_WARN_UNDECLARED_SELECTOR = YES;
				GCC_WARN_UNINITIALIZED_AUTOS = YES_AGGRESSIVE;
				GCC_WARN_UNUSED_FUNCTION = YES;
				GCC_WARN_UNUSED_VARIABLE = YES;
				IPHONEOS_DEPLOYMENT_TARGET = 17.2;
				LOCALIZATION_PREFERS_STRING_CATALOGS = YES;
				MTL_ENABLE_DEBUG_INFO = NO;
				MTL_FAST_MATH = YES;
				SDKROOT = iphoneos;
				SWIFT_COMPILATION_MODE = wholemodule;
				VALIDATE_PRODUCT = YES;
			};
			name = Release;
		};
		8CB58CA52B46BAD200966DD7 /* Debug */ = {
			isa = XCBuildConfiguration;
			buildSettings = {
				ASSETCATALOG_COMPILER_APPICON_NAME = AppIcon;
				ASSETCATALOG_COMPILER_GLOBAL_ACCENT_COLOR_NAME = AccentColor;
				CODE_SIGN_STYLE = Automatic;
				CURRENT_PROJECT_VERSION = 1;
				DEVELOPMENT_ASSET_PATHS = "\"MovieLibrary/Preview Content\"";
				DEVELOPMENT_TEAM = 34TPX9WTN2;
				ENABLE_PREVIEWS = YES;
				GENERATE_INFOPLIST_FILE = YES;
				INFOPLIST_KEY_UIApplicationSceneManifest_Generation = YES;
				INFOPLIST_KEY_UIApplicationSupportsIndirectInputEvents = YES;
				INFOPLIST_KEY_UILaunchScreen_Generation = YES;
				INFOPLIST_KEY_UISupportedInterfaceOrientations_iPad = "UIInterfaceOrientationPortrait UIInterfaceOrientationPortraitUpsideDown UIInterfaceOrientationLandscapeLeft UIInterfaceOrientationLandscapeRight";
				INFOPLIST_KEY_UISupportedInterfaceOrientations_iPhone = "UIInterfaceOrientationPortrait UIInterfaceOrientationLandscapeLeft UIInterfaceOrientationLandscapeRight";
				LD_RUNPATH_SEARCH_PATHS = (
					"$(inherited)",
					"@executable_path/Frameworks",
				);
				MARKETING_VERSION = 1.0;
				PRODUCT_BUNDLE_IDENTIFIER = com.dhritiman.MovieLibrary;
				PRODUCT_NAME = "$(TARGET_NAME)";
				SWIFT_EMIT_LOC_STRINGS = YES;
				SWIFT_VERSION = 5.0;
				TARGETED_DEVICE_FAMILY = "1,2";
			};
			name = Debug;
		};
		8CB58CA62B46BAD200966DD7 /* Release */ = {
			isa = XCBuildConfiguration;
			buildSettings = {
				ASSETCATALOG_COMPILER_APPICON_NAME = AppIcon;
				ASSETCATALOG_COMPILER_GLOBAL_ACCENT_COLOR_NAME = AccentColor;
				CODE_SIGN_STYLE = Automatic;
				CURRENT_PROJECT_VERSION = 1;
				DEVELOPMENT_ASSET_PATHS = "\"MovieLibrary/Preview Content\"";
				DEVELOPMENT_TEAM = 34TPX9WTN2;
				ENABLE_PREVIEWS = YES;
				GENERATE_INFOPLIST_FILE = YES;
				INFOPLIST_KEY_UIApplicationSceneManifest_Generation = YES;
				INFOPLIST_KEY_UIApplicationSupportsIndirectInputEvents = YES;
				INFOPLIST_KEY_UILaunchScreen_Generation = YES;
				INFOPLIST_KEY_UISupportedInterfaceOrientations_iPad = "UIInterfaceOrientationPortrait UIInterfaceOrientationPortraitUpsideDown UIInterfaceOrientationLandscapeLeft UIInterfaceOrientationLandscapeRight";
				INFOPLIST_KEY_UISupportedInterfaceOrientations_iPhone = "UIInterfaceOrientationPortrait UIInterfaceOrientationLandscapeLeft UIInterfaceOrientationLandscapeRight";
				LD_RUNPATH_SEARCH_PATHS = (
					"$(inherited)",
					"@executable_path/Frameworks",
				);
				MARKETING_VERSION = 1.0;
				PRODUCT_BUNDLE_IDENTIFIER = com.dhritiman.MovieLibrary;
				PRODUCT_NAME = "$(TARGET_NAME)";
				SWIFT_EMIT_LOC_STRINGS = YES;
				SWIFT_VERSION = 5.0;
				TARGETED_DEVICE_FAMILY = "1,2";
			};
			name = Release;
		};
/* End XCBuildConfiguration section */

/* Begin XCConfigurationList section */
		8CB58C912B46BAD000966DD7 /* Build configuration list for PBXProject "MovieLibrary" */ = {
			isa = XCConfigurationList;
			buildConfigurations = (
				8CB58CA22B46BAD200966DD7 /* Debug */,
				8CB58CA32B46BAD200966DD7 /* Release */,
			);
			defaultConfigurationIsVisible = 0;
			defaultConfigurationName = Release;
		};
		8CB58CA42B46BAD200966DD7 /* Build configuration list for PBXNativeTarget "MovieLibrary" */ = {
			isa = XCConfigurationList;
			buildConfigurations = (
				8CB58CA52B46BAD200966DD7 /* Debug */,
				8CB58CA62B46BAD200966DD7 /* Release */,
			);
			defaultConfigurationIsVisible = 0;
			defaultConfigurationName = Release;
		};
/* End XCConfigurationList section */
	};
	rootObject = 8CB58C8E2B46BAD000966DD7 /* Project object */;
}
